// !$*UTF8*$!
{
	archiveVersion = 1;
	classes = {
	};
	objectVersion = 46;
	objects = {

/* Begin PBXBuildFile section */
		4B4ECB161CF0FA0D0083B8C7 /* AppDelegate.swift in Sources */ = {isa = PBXBuildFile; fileRef = 4B4ECB151CF0FA0D0083B8C7 /* AppDelegate.swift */; };
		4B4ECB181CF0FA0D0083B8C7 /* ViewController.swift in Sources */ = {isa = PBXBuildFile; fileRef = 4B4ECB171CF0FA0D0083B8C7 /* ViewController.swift */; };
		4B4ECB1B1CF0FA0D0083B8C7 /* Main.storyboard in Resources */ = {isa = PBXBuildFile; fileRef = 4B4ECB191CF0FA0D0083B8C7 /* Main.storyboard */; };
		4B4ECB1D1CF0FA0D0083B8C7 /* Assets.xcassets in Resources */ = {isa = PBXBuildFile; fileRef = 4B4ECB1C1CF0FA0D0083B8C7 /* Assets.xcassets */; };
		4B4ECB201CF0FA0D0083B8C7 /* LaunchScreen.storyboard in Resources */ = {isa = PBXBuildFile; fileRef = 4B4ECB1E1CF0FA0D0083B8C7 /* LaunchScreen.storyboard */; };
		4B4ECB2B1CF0FA0D0083B8C7 /* terminal329xTests.swift in Sources */ = {isa = PBXBuildFile; fileRef = 4B4ECB2A1CF0FA0D0083B8C7 /* terminal329xTests.swift */; };
		4B4ECB361CF0FA0D0083B8C7 /* terminal329xUITests.swift in Sources */ = {isa = PBXBuildFile; fileRef = 4B4ECB351CF0FA0D0083B8C7 /* terminal329xUITests.swift */; };
		4B4ECB461CF111ED0083B8C7 /* bg.png in Resources */ = {isa = PBXBuildFile; fileRef = 4B4ECB441CF111ED0083B8C7 /* bg.png */; };
		4B4ECB471CF111ED0083B8C7 /* logo-only-for-splashscreen.png in Resources */ = {isa = PBXBuildFile; fileRef = 4B4ECB451CF111ED0083B8C7 /* logo-only-for-splashscreen.png */; };
		4B4ECB4D1CF11A6F0083B8C7 /* hiphen.png in Resources */ = {isa = PBXBuildFile; fileRef = 4B4ECB4C1CF11A6F0083B8C7 /* hiphen.png */; };
		4B4ECB521CF12A1F0083B8C7 /* Monaco.dfont in Resources */ = {isa = PBXBuildFile; fileRef = 4B4ECB4E1CF1203A0083B8C7 /* Monaco.dfont */; };
		4B4ECB541CF12AD10083B8C7 /* button.png in Resources */ = {isa = PBXBuildFile; fileRef = 4B4ECB531CF12AD10083B8C7 /* button.png */; };
/* End PBXBuildFile section */

/* Begin PBXContainerItemProxy section */
		4B4ECB271CF0FA0D0083B8C7 /* PBXContainerItemProxy */ = {
			isa = PBXContainerItemProxy;
			containerPortal = 4B4ECB0A1CF0FA0D0083B8C7 /* Project object */;
			proxyType = 1;
			remoteGlobalIDString = 4B4ECB111CF0FA0D0083B8C7;
			remoteInfo = terminal329x;
		};
		4B4ECB321CF0FA0D0083B8C7 /* PBXContainerItemProxy */ = {
			isa = PBXContainerItemProxy;
			containerPortal = 4B4ECB0A1CF0FA0D0083B8C7 /* Project object */;
			proxyType = 1;
			remoteGlobalIDString = 4B4ECB111CF0FA0D0083B8C7;
			remoteInfo = terminal329x;
		};
/* End PBXContainerItemProxy section */

/* Begin PBXFileReference section */
		4B4ECB121CF0FA0D0083B8C7 /* Terminal 329X.app */ = {isa = PBXFileReference; explicitFileType = wrapper.application; includeInIndex = 0; path = "Terminal 329X.app"; sourceTree = BUILT_PRODUCTS_DIR; };
		4B4ECB151CF0FA0D0083B8C7 /* AppDelegate.swift */ = {isa = PBXFileReference; lastKnownFileType = sourcecode.swift; path = AppDelegate.swift; sourceTree = "<group>"; };
		4B4ECB171CF0FA0D0083B8C7 /* ViewController.swift */ = {isa = PBXFileReference; lastKnownFileType = sourcecode.swift; path = ViewController.swift; sourceTree = "<group>"; };
		4B4ECB1A1CF0FA0D0083B8C7 /* Base */ = {isa = PBXFileReference; lastKnownFileType = file.storyboard; name = Base; path = Base.lproj/Main.storyboard; sourceTree = "<group>"; };
		4B4ECB1C1CF0FA0D0083B8C7 /* Assets.xcassets */ = {isa = PBXFileReference; lastKnownFileType = folder.assetcatalog; path = Assets.xcassets; sourceTree = "<group>"; };
		4B4ECB1F1CF0FA0D0083B8C7 /* Base */ = {isa = PBXFileReference; lastKnownFileType = file.storyboard; name = Base; path = Base.lproj/LaunchScreen.storyboard; sourceTree = "<group>"; };
		4B4ECB211CF0FA0D0083B8C7 /* Info.plist */ = {isa = PBXFileReference; lastKnownFileType = text.plist.xml; path = Info.plist; sourceTree = "<group>"; };
		4B4ECB261CF0FA0D0083B8C7 /* terminal329xTests.xctest */ = {isa = PBXFileReference; explicitFileType = wrapper.cfbundle; includeInIndex = 0; path = terminal329xTests.xctest; sourceTree = BUILT_PRODUCTS_DIR; };
		4B4ECB2A1CF0FA0D0083B8C7 /* terminal329xTests.swift */ = {isa = PBXFileReference; lastKnownFileType = sourcecode.swift; path = terminal329xTests.swift; sourceTree = "<group>"; };
		4B4ECB2C1CF0FA0D0083B8C7 /* Info.plist */ = {isa = PBXFileReference; lastKnownFileType = text.plist.xml; path = Info.plist; sourceTree = "<group>"; };
		4B4ECB311CF0FA0D0083B8C7 /* terminal329xUITests.xctest */ = {isa = PBXFileReference; explicitFileType = wrapper.cfbundle; includeInIndex = 0; path = terminal329xUITests.xctest; sourceTree = BUILT_PRODUCTS_DIR; };
		4B4ECB351CF0FA0D0083B8C7 /* terminal329xUITests.swift */ = {isa = PBXFileReference; lastKnownFileType = sourcecode.swift; path = terminal329xUITests.swift; sourceTree = "<group>"; };
		4B4ECB371CF0FA0D0083B8C7 /* Info.plist */ = {isa = PBXFileReference; lastKnownFileType = text.plist.xml; path = Info.plist; sourceTree = "<group>"; };
		4B4ECB441CF111ED0083B8C7 /* bg.png */ = {isa = PBXFileReference; lastKnownFileType = image.png; path = bg.png; sourceTree = "<group>"; };
		4B4ECB451CF111ED0083B8C7 /* logo-only-for-splashscreen.png */ = {isa = PBXFileReference; lastKnownFileType = image.png; path = "logo-only-for-splashscreen.png"; sourceTree = "<group>"; };
		4B4ECB4C1CF11A6F0083B8C7 /* hiphen.png */ = {isa = PBXFileReference; lastKnownFileType = image.png; path = hiphen.png; sourceTree = "<group>"; };
		4B4ECB4E1CF1203A0083B8C7 /* Monaco.dfont */ = {isa = PBXFileReference; lastKnownFileType = file; path = Monaco.dfont; sourceTree = "<group>"; };
		4B4ECB531CF12AD10083B8C7 /* button.png */ = {isa = PBXFileReference; lastKnownFileType = image.png; path = button.png; sourceTree = "<group>"; };
/* End PBXFileReference section */

/* Begin PBXFrameworksBuildPhase section */
		4B4ECB0F1CF0FA0D0083B8C7 /* Frameworks */ = {
			isa = PBXFrameworksBuildPhase;
			buildActionMask = 2147483647;
			files = (
			);
			runOnlyForDeploymentPostprocessing = 0;
		};
		4B4ECB231CF0FA0D0083B8C7 /* Frameworks */ = {
			isa = PBXFrameworksBuildPhase;
			buildActionMask = 2147483647;
			files = (
			);
			runOnlyForDeploymentPostprocessing = 0;
		};
		4B4ECB2E1CF0FA0D0083B8C7 /* Frameworks */ = {
			isa = PBXFrameworksBuildPhase;
			buildActionMask = 2147483647;
			files = (
			);
			runOnlyForDeploymentPostprocessing = 0;
		};
/* End PBXFrameworksBuildPhase section */

/* Begin PBXGroup section */
		4B4ECB091CF0FA0D0083B8C7 = {
			isa = PBXGroup;
			children = (
				4B4ECB141CF0FA0D0083B8C7 /* terminal329x */,
				4B4ECB291CF0FA0D0083B8C7 /* terminal329xTests */,
				4B4ECB341CF0FA0D0083B8C7 /* terminal329xUITests */,
				4B4ECB131CF0FA0D0083B8C7 /* Products */,
			);
			sourceTree = "<group>";
		};
		4B4ECB131CF0FA0D0083B8C7 /* Products */ = {
			isa = PBXGroup;
			children = (
				4B4ECB121CF0FA0D0083B8C7 /* Terminal 329X.app */,
				4B4ECB261CF0FA0D0083B8C7 /* terminal329xTests.xctest */,
				4B4ECB311CF0FA0D0083B8C7 /* terminal329xUITests.xctest */,
			);
			name = Products;
			sourceTree = "<group>";
		};
		4B4ECB141CF0FA0D0083B8C7 /* terminal329x */ = {
			isa = PBXGroup;
			children = (
				4B4ECB431CF111DC0083B8C7 /* assets */,
				4B4ECB151CF0FA0D0083B8C7 /* AppDelegate.swift */,
				4B4ECB171CF0FA0D0083B8C7 /* ViewController.swift */,
				4B4ECB191CF0FA0D0083B8C7 /* Main.storyboard */,
				4B4ECB1C1CF0FA0D0083B8C7 /* Assets.xcassets */,
				4B4ECB1E1CF0FA0D0083B8C7 /* LaunchScreen.storyboard */,
				4B4ECB211CF0FA0D0083B8C7 /* Info.plist */,
				4B4ECB4F1CF120500083B8C7 /* Supporting Files */,
			);
			path = terminal329x;
			sourceTree = "<group>";
		};
		4B4ECB291CF0FA0D0083B8C7 /* terminal329xTests */ = {
			isa = PBXGroup;
			children = (
				4B4ECB2A1CF0FA0D0083B8C7 /* terminal329xTests.swift */,
				4B4ECB2C1CF0FA0D0083B8C7 /* Info.plist */,
			);
			path = terminal329xTests;
			sourceTree = "<group>";
		};
		4B4ECB341CF0FA0D0083B8C7 /* terminal329xUITests */ = {
			isa = PBXGroup;
			children = (
				4B4ECB351CF0FA0D0083B8C7 /* terminal329xUITests.swift */,
				4B4ECB371CF0FA0D0083B8C7 /* Info.plist */,
			);
			path = terminal329xUITests;
			sourceTree = "<group>";
		};
		4B4ECB431CF111DC0083B8C7 /* assets */ = {
			isa = PBXGroup;
			children = (
				4B4ECB531CF12AD10083B8C7 /* button.png */,
				4B4ECB4C1CF11A6F0083B8C7 /* hiphen.png */,
				4B4ECB441CF111ED0083B8C7 /* bg.png */,
				4B4ECB451CF111ED0083B8C7 /* logo-only-for-splashscreen.png */,
			);
			name = assets;
			sourceTree = "<group>";
		};
		4B4ECB4F1CF120500083B8C7 /* Supporting Files */ = {
			isa = PBXGroup;
			children = (
				4B4ECB4E1CF1203A0083B8C7 /* Monaco.dfont */,
			);
			name = "Supporting Files";
			sourceTree = "<group>";
		};
/* End PBXGroup section */

/* Begin PBXNativeTarget section */
		4B4ECB111CF0FA0D0083B8C7 /* Terminal 329X */ = {
			isa = PBXNativeTarget;
			buildConfigurationList = 4B4ECB3A1CF0FA0D0083B8C7 /* Build configuration list for PBXNativeTarget "Terminal 329X" */;
			buildPhases = (
				4B4ECB0E1CF0FA0D0083B8C7 /* Sources */,
				4B4ECB0F1CF0FA0D0083B8C7 /* Frameworks */,
				4B4ECB101CF0FA0D0083B8C7 /* Resources */,
			);
			buildRules = (
			);
			dependencies = (
			);
			name = "Terminal 329X";
			productName = terminal329x;
			productReference = 4B4ECB121CF0FA0D0083B8C7 /* Terminal 329X.app */;
			productType = "com.apple.product-type.application";
		};
		4B4ECB251CF0FA0D0083B8C7 /* terminal329xTests */ = {
			isa = PBXNativeTarget;
			buildConfigurationList = 4B4ECB3D1CF0FA0D0083B8C7 /* Build configuration list for PBXNativeTarget "terminal329xTests" */;
			buildPhases = (
				4B4ECB221CF0FA0D0083B8C7 /* Sources */,
				4B4ECB231CF0FA0D0083B8C7 /* Frameworks */,
				4B4ECB241CF0FA0D0083B8C7 /* Resources */,
			);
			buildRules = (
			);
			dependencies = (
				4B4ECB281CF0FA0D0083B8C7 /* PBXTargetDependency */,
			);
			name = terminal329xTests;
			productName = terminal329xTests;
			productReference = 4B4ECB261CF0FA0D0083B8C7 /* terminal329xTests.xctest */;
			productType = "com.apple.product-type.bundle.unit-test";
		};
		4B4ECB301CF0FA0D0083B8C7 /* terminal329xUITests */ = {
			isa = PBXNativeTarget;
			buildConfigurationList = 4B4ECB401CF0FA0D0083B8C7 /* Build configuration list for PBXNativeTarget "terminal329xUITests" */;
			buildPhases = (
				4B4ECB2D1CF0FA0D0083B8C7 /* Sources */,
				4B4ECB2E1CF0FA0D0083B8C7 /* Frameworks */,
				4B4ECB2F1CF0FA0D0083B8C7 /* Resources */,
			);
			buildRules = (
			);
			dependencies = (
				4B4ECB331CF0FA0D0083B8C7 /* PBXTargetDependency */,
			);
			name = terminal329xUITests;
			productName = terminal329xUITests;
			productReference = 4B4ECB311CF0FA0D0083B8C7 /* terminal329xUITests.xctest */;
			productType = "com.apple.product-type.bundle.ui-testing";
		};
/* End PBXNativeTarget section */

/* Begin PBXProject section */
		4B4ECB0A1CF0FA0D0083B8C7 /* Project object */ = {
			isa = PBXProject;
			attributes = {
				LastSwiftUpdateCheck = 0730;
				LastUpgradeCheck = 0730;
				ORGANIZATIONNAME = "Luiz Fernando Aquino Dias";
				TargetAttributes = {
					4B4ECB111CF0FA0D0083B8C7 = {
						CreatedOnToolsVersion = 7.3.1;
					};
					4B4ECB251CF0FA0D0083B8C7 = {
						CreatedOnToolsVersion = 7.3.1;
						TestTargetID = 4B4ECB111CF0FA0D0083B8C7;
					};
					4B4ECB301CF0FA0D0083B8C7 = {
						CreatedOnToolsVersion = 7.3.1;
						TestTargetID = 4B4ECB111CF0FA0D0083B8C7;
					};
				};
			};
			buildConfigurationList = 4B4ECB0D1CF0FA0D0083B8C7 /* Build configuration list for PBXProject "terminal329x" */;
			compatibilityVersion = "Xcode 3.2";
			developmentRegion = English;
			hasScannedForEncodings = 0;
			knownRegions = (
				en,
				Base,
			);
			mainGroup = 4B4ECB091CF0FA0D0083B8C7;
			productRefGroup = 4B4ECB131CF0FA0D0083B8C7 /* Products */;
			projectDirPath = "";
			projectRoot = "";
			targets = (
				4B4ECB111CF0FA0D0083B8C7 /* Terminal 329X */,
				4B4ECB251CF0FA0D0083B8C7 /* terminal329xTests */,
				4B4ECB301CF0FA0D0083B8C7 /* terminal329xUITests */,
			);
		};
/* End PBXProject section */

/* Begin PBXResourcesBuildPhase section */
		4B4ECB101CF0FA0D0083B8C7 /* Resources */ = {
			isa = PBXResourcesBuildPhase;
			buildActionMask = 2147483647;
			files = (
				4B4ECB201CF0FA0D0083B8C7 /* LaunchScreen.storyboard in Resources */,
				4B4ECB541CF12AD10083B8C7 /* button.png in Resources */,
				4B4ECB521CF12A1F0083B8C7 /* Monaco.dfont in Resources */,
				4B4ECB471CF111ED0083B8C7 /* logo-only-for-splashscreen.png in Resources */,
				4B4ECB1D1CF0FA0D0083B8C7 /* Assets.xcassets in Resources */,
				4B4ECB4D1CF11A6F0083B8C7 /* hiphen.png in Resources */,
				4B4ECB461CF111ED0083B8C7 /* bg.png in Resources */,
				4B4ECB1B1CF0FA0D0083B8C7 /* Main.storyboard in Resources */,
			);
			runOnlyForDeploymentPostprocessing = 0;
		};
		4B4ECB241CF0FA0D0083B8C7 /* Resources */ = {
			isa = PBXResourcesBuildPhase;
			buildActionMask = 2147483647;
			files = (
			);
			runOnlyForDeploymentPostprocessing = 0;
		};
		4B4ECB2F1CF0FA0D0083B8C7 /* Resources */ = {
			isa = PBXResourcesBuildPhase;
			buildActionMask = 2147483647;
			files = (
			);
			runOnlyForDeploymentPostprocessing = 0;
		};
/* End PBXResourcesBuildPhase section */

/* Begin PBXSourcesBuildPhase section */
		4B4ECB0E1CF0FA0D0083B8C7 /* Sources */ = {
			isa = PBXSourcesBuildPhase;
			buildActionMask = 2147483647;
			files = (
				4B4ECB181CF0FA0D0083B8C7 /* ViewController.swift in Sources */,
				4B4ECB161CF0FA0D0083B8C7 /* AppDelegate.swift in Sources */,
			);
			runOnlyForDeploymentPostprocessing = 0;
		};
		4B4ECB221CF0FA0D0083B8C7 /* Sources */ = {
			isa = PBXSourcesBuildPhase;
			buildActionMask = 2147483647;
			files = (
				4B4ECB2B1CF0FA0D0083B8C7 /* terminal329xTests.swift in Sources */,
			);
			runOnlyForDeploymentPostprocessing = 0;
		};
		4B4ECB2D1CF0FA0D0083B8C7 /* Sources */ = {
			isa = PBXSourcesBuildPhase;
			buildActionMask = 2147483647;
			files = (
				4B4ECB361CF0FA0D0083B8C7 /* terminal329xUITests.swift in Sources */,
			);
			runOnlyForDeploymentPostprocessing = 0;
		};
/* End PBXSourcesBuildPhase section */

/* Begin PBXTargetDependency section */
		4B4ECB281CF0FA0D0083B8C7 /* PBXTargetDependency */ = {
			isa = PBXTargetDependency;
			target = 4B4ECB111CF0FA0D0083B8C7 /* Terminal 329X */;
			targetProxy = 4B4ECB271CF0FA0D0083B8C7 /* PBXContainerItemProxy */;
		};
		4B4ECB331CF0FA0D0083B8C7 /* PBXTargetDependency */ = {
			isa = PBXTargetDependency;
			target = 4B4ECB111CF0FA0D0083B8C7 /* Terminal 329X */;
			targetProxy = 4B4ECB321CF0FA0D0083B8C7 /* PBXContainerItemProxy */;
		};
/* End PBXTargetDependency section */

/* Begin PBXVariantGroup section */
		4B4ECB191CF0FA0D0083B8C7 /* Main.storyboard */ = {
			isa = PBXVariantGroup;
			children = (
				4B4ECB1A1CF0FA0D0083B8C7 /* Base */,
			);
			name = Main.storyboard;
			sourceTree = "<group>";
		};
		4B4ECB1E1CF0FA0D0083B8C7 /* LaunchScreen.storyboard */ = {
			isa = PBXVariantGroup;
			children = (
				4B4ECB1F1CF0FA0D0083B8C7 /* Base */,
			);
			name = LaunchScreen.storyboard;
			sourceTree = "<group>";
		};
/* End PBXVariantGroup section */

/* Begin XCBuildConfiguration section */
		4B4ECB381CF0FA0D0083B8C7 /* Debug */ = {
			isa = XCBuildConfiguration;
			buildSettings = {
				ALWAYS_SEARCH_USER_PATHS = NO;
				CLANG_ANALYZER_NONNULL = YES;
				CLANG_CXX_LANGUAGE_STANDARD = "gnu++0x";
				CLANG_CXX_LIBRARY = "libc++";
				CLANG_ENABLE_MODULES = YES;
				CLANG_ENABLE_OBJC_ARC = YES;
				CLANG_WARN_BOOL_CONVERSION = YES;
				CLANG_WARN_CONSTANT_CONVERSION = YES;
				CLANG_WARN_DIRECT_OBJC_ISA_USAGE = YES_ERROR;
				CLANG_WARN_EMPTY_BODY = YES;
				CLANG_WARN_ENUM_CONVERSION = YES;
				CLANG_WARN_INT_CONVERSION = YES;
				CLANG_WARN_OBJC_ROOT_CLASS = YES_ERROR;
				CLANG_WARN_UNREACHABLE_CODE = YES;
				CLANG_WARN__DUPLICATE_METHOD_MATCH = YES;
				"CODE_SIGN_IDENTITY[sdk=iphoneos*]" = "iPhone Developer";
				COPY_PHASE_STRIP = NO;
				DEBUG_INFORMATION_FORMAT = dwarf;
				ENABLE_STRICT_OBJC_MSGSEND = YES;
				ENABLE_TESTABILITY = YES;
				GCC_C_LANGUAGE_STANDARD = gnu99;
				GCC_DYNAMIC_NO_PIC = NO;
				GCC_NO_COMMON_BLOCKS = YES;
				GCC_OPTIMIZATION_LEVEL = 0;
				GCC_PREPROCESSOR_DEFINITIONS = (
					"DEBUG=1",
					"$(inherited)",
				);
				GCC_WARN_64_TO_32_BIT_CONVERSION = YES;
				GCC_WARN_ABOUT_RETURN_TYPE = YES_ERROR;
				GCC_WARN_UNDECLARED_SELECTOR = YES;
				GCC_WARN_UNINITIALIZED_AUTOS = YES_AGGRESSIVE;
				GCC_WARN_UNUSED_FUNCTION = YES;
				GCC_WARN_UNUSED_VARIABLE = YES;
				IPHONEOS_DEPLOYMENT_TARGET = 9.3;
				MTL_ENABLE_DEBUG_INFO = YES;
				ONLY_ACTIVE_ARCH = YES;
				SDKROOT = iphoneos;
				SWIFT_OPTIMIZATION_LEVEL = "-Onone";
				TARGETED_DEVICE_FAMILY = "1,2";
			};
			name = Debug;
		};
		4B4ECB391CF0FA0D0083B8C7 /* Release */ = {
			isa = XCBuildConfiguration;
			buildSettings = {
				ALWAYS_SEARCH_USER_PATHS = NO;
				CLANG_ANALYZER_NONNULL = YES;
				CLANG_CXX_LANGUAGE_STANDARD = "gnu++0x";
				CLANG_CXX_LIBRARY = "libc++";
				CLANG_ENABLE_MODULES = YES;
				CLANG_ENABLE_OBJC_ARC = YES;
				CLANG_WARN_BOOL_CONVERSION = YES;
				CLANG_WARN_CONSTANT_CONVERSION = YES;
				CLANG_WARN_DIRECT_OBJC_ISA_USAGE = YES_ERROR;
				CLANG_WARN_EMPTY_BODY = YES;
				CLANG_WARN_ENUM_CONVERSION = YES;
				CLANG_WARN_INT_CONVERSION = YES;
				CLANG_WARN_OBJC_ROOT_CLASS = YES_ERROR;
				CLANG_WARN_UNREACHABLE_CODE = YES;
				CLANG_WARN__DUPLICATE_METHOD_MATCH = YES;
				"CODE_SIGN_IDENTITY[sdk=iphoneos*]" = "iPhone Developer";
				COPY_PHASE_STRIP = NO;
				DEBUG_INFORMATION_FORMAT = "dwarf-with-dsym";
				ENABLE_NS_ASSERTIONS = NO;
				ENABLE_STRICT_OBJC_MSGSEND = YES;
				GCC_C_LANGUAGE_STANDARD = gnu99;
				GCC_NO_COMMON_BLOCKS = YES;
				GCC_WARN_64_TO_32_BIT_CONVERSION = YES;
				GCC_WARN_ABOUT_RETURN_TYPE = YES_ERROR;
				GCC_WARN_UNDECLARED_SELECTOR = YES;
				GCC_WARN_UNINITIALIZED_AUTOS = YES_AGGRESSIVE;
				GCC_WARN_UNUSED_FUNCTION = YES;
				GCC_WARN_UNUSED_VARIABLE = YES;
				IPHONEOS_DEPLOYMENT_TARGET = 9.3;
				MTL_ENABLE_DEBUG_INFO = NO;
				SDKROOT = iphoneos;
				TARGETED_DEVICE_FAMILY = "1,2";
				VALIDATE_PRODUCT = YES;
			};
			name = Release;
		};
		4B4ECB3B1CF0FA0D0083B8C7 /* Debug */ = {
			isa = XCBuildConfiguration;
			buildSettings = {
				ASSETCATALOG_COMPILER_APPICON_NAME = AppIcon;
				INFOPLIST_FILE = terminal329x/Info.plist;
				LD_RUNPATH_SEARCH_PATHS = "$(inherited) @executable_path/Frameworks";
				PRODUCT_BUNDLE_IDENTIFIER = com.btl.terminal329x;
				PRODUCT_NAME = "$(TARGET_NAME)";
				TARGETED_DEVICE_FAMILY = 1;
			};
			name = Debug;
		};
		4B4ECB3C1CF0FA0D0083B8C7 /* Release */ = {
			isa = XCBuildConfiguration;
			buildSettings = {
				ASSETCATALOG_COMPILER_APPICON_NAME = AppIcon;
				INFOPLIST_FILE = terminal329x/Info.plist;
				LD_RUNPATH_SEARCH_PATHS = "$(inherited) @executable_path/Frameworks";
				PRODUCT_BUNDLE_IDENTIFIER = com.btl.terminal329x;
				PRODUCT_NAME = "$(TARGET_NAME)";
				TARGETED_DEVICE_FAMILY = 1;
			};
			name = Release;
		};
		4B4ECB3E1CF0FA0D0083B8C7 /* Debug */ = {
			isa = XCBuildConfiguration;
			buildSettings = {
				BUNDLE_LOADER = "$(TEST_HOST)";
				INFOPLIST_FILE = terminal329xTests/Info.plist;
				LD_RUNPATH_SEARCH_PATHS = "$(inherited) @executable_path/Frameworks @loader_path/Frameworks";
				PRODUCT_BUNDLE_IDENTIFIER = com.btl.terminal329xTests;
				PRODUCT_NAME = "$(TARGET_NAME)";
				TEST_HOST = "$(BUILT_PRODUCTS_DIR)/terminal329x.app/terminal329x";
			};
			name = Debug;
		};
		4B4ECB3F1CF0FA0D0083B8C7 /* Release */ = {
			isa = XCBuildConfiguration;
			buildSettings = {
				BUNDLE_LOADER = "$(TEST_HOST)";
				INFOPLIST_FILE = terminal329xTests/Info.plist;
				LD_RUNPATH_SEARCH_PATHS = "$(inherited) @executable_path/Frameworks @loader_path/Frameworks";
				PRODUCT_BUNDLE_IDENTIFIER = com.btl.terminal329xTests;
				PRODUCT_NAME = "$(TARGET_NAME)";
				TEST_HOST = "$(BUILT_PRODUCTS_DIR)/terminal329x.app/terminal329x";
			};
			name = Release;
		};
		4B4ECB411CF0FA0D0083B8C7 /* Debug */ = {
			isa = XCBuildConfiguration;
			buildSettings = {
				INFOPLIST_FILE = terminal329xUITests/Info.plist;
				LD_RUNPATH_SEARCH_PATHS = "$(inherited) @executable_path/Frameworks @loader_path/Frameworks";
				PRODUCT_BUNDLE_IDENTIFIER = com.btl.terminal329xUITests;
				PRODUCT_NAME = "$(TARGET_NAME)";
				TEST_TARGET_NAME = terminal329x;
			};
			name = Debug;
		};
		4B4ECB421CF0FA0D0083B8C7 /* Release */ = {
			isa = XCBuildConfiguration;
			buildSettings = {
				INFOPLIST_FILE = terminal329xUITests/Info.plist;
				LD_RUNPATH_SEARCH_PATHS = "$(inherited) @executable_path/Frameworks @loader_path/Frameworks";
				PRODUCT_BUNDLE_IDENTIFIER = com.btl.terminal329xUITests;
				PRODUCT_NAME = "$(TARGET_NAME)";
				TEST_TARGET_NAME = terminal329x;
			};
			name = Release;
		};
/* End XCBuildConfiguration section */

/* Begin XCConfigurationList section */
		4B4ECB0D1CF0FA0D0083B8C7 /* Build configuration list for PBXProject "terminal329x" */ = {
			isa = XCConfigurationList;
			buildConfigurations = (
				4B4ECB381CF0FA0D0083B8C7 /* Debug */,
				4B4ECB391CF0FA0D0083B8C7 /* Release */,
			);
			defaultConfigurationIsVisible = 0;
			defaultConfigurationName = Release;
		};
		4B4ECB3A1CF0FA0D0083B8C7 /* Build configuration list for PBXNativeTarget "Terminal 329X" */ = {
			isa = XCConfigurationList;
			buildConfigurations = (
				4B4ECB3B1CF0FA0D0083B8C7 /* Debug */,
				4B4ECB3C1CF0FA0D0083B8C7 /* Release */,
			);
			defaultConfigurationIsVisible = 0;
		};
		4B4ECB3D1CF0FA0D0083B8C7 /* Build configuration list for PBXNativeTarget "terminal329xTests" */ = {
			isa = XCConfigurationList;
			buildConfigurations = (
				4B4ECB3E1CF0FA0D0083B8C7 /* Debug */,
				4B4ECB3F1CF0FA0D0083B8C7 /* Release */,
			);
			defaultConfigurationIsVisible = 0;
		};
		4B4ECB401CF0FA0D0083B8C7 /* Build configuration list for PBXNativeTarget "terminal329xUITests" */ = {
			isa = XCConfigurationList;
			buildConfigurations = (
				4B4ECB411CF0FA0D0083B8C7 /* Debug */,
				4B4ECB421CF0FA0D0083B8C7 /* Release */,
			);
			defaultConfigurationIsVisible = 0;
		};
/* End XCConfigurationList section */
	};
	rootObject = 4B4ECB0A1CF0FA0D0083B8C7 /* Project object */;
}
